{
  "name": "panoramax-js",
  "version": "0.1.7",
  "lockfileVersion": 2,
  "requires": true,
  "packages": {
    "": {
      "name": "panoramax-js",
      "version": "0.1.7",
      "license": "GPL-3.0-or-later",
      "dependencies": {
        "@ogcapi-js/features": "^1.1.1",
        "@ogcapi-js/shared": "^1.1.1",
        "@types/geojson": "^7946.0.14",
        "json-schema": "^0.4.0",
        "mvt-to-geojson": "^0.0.4"
      },
      "devDependencies": {
        "@types/json-schema": "^7.0.15"
      }
    },
    "node_modules/@ogcapi-js/features": {
      "version": "1.1.1",
      "resolved": "https://registry.npmjs.org/@ogcapi-js/features/-/features-1.1.1.tgz",
      "integrity": "sha512-/w6kFvAXWO+F0/nLC5m11tuOw0LX+gVz/OCLiDkElXO9ko9F9OA3AbzKZxJaE5Buu0KUGn+TRxS6w1xhZc4KRA==",
      "dependencies": {
        "@ogcapi-js/shared": "^1.1.1"
      }
    },
    "node_modules/@ogcapi-js/shared": {
      "version": "1.1.1",
      "resolved": "https://registry.npmjs.org/@ogcapi-js/shared/-/shared-1.1.1.tgz",
      "integrity": "sha512-EQ6T4iVXwIMnBcdpR2C0YnNNCxtNWHpWg0Hs9uEvH4BPZI2xT87gV+WRw8/hYAe8EtrK6j57iluBoSyHiAQweQ=="
    },
    "node_modules/@types/geojson": {
      "version": "7946.0.14",
      "resolved": "https://registry.npmjs.org/@types/geojson/-/geojson-7946.0.14.tgz",
      "integrity": "sha512-WCfD5Ht3ZesJUsONdhvm84dmzWOiOzOAqOncN0++w0lBw1o8OuDNJF2McvvCef/yBqb/HYRahp1BYtODFQ8bRg=="
    },
    "node_modules/@types/json-schema": {
      "version": "7.0.15",
      "resolved": "https://registry.npmjs.org/@types/json-schema/-/json-schema-7.0.15.tgz",
      "integrity": "sha512-5+fP8P8MFNC+AyZCDxrB2pkZFPGzqQWUzpSeuuVLvm8VMcorNYavBqoFcxK8bQz4Qsbn4oUEEem4wDLfcysGHA==",
      "dev": true
    },
    "node_modules/ieee754": {
      "version": "1.2.1",
      "resolved": "https://registry.npmjs.org/ieee754/-/ieee754-1.2.1.tgz",
      "integrity": "sha512-dcyqhDvX1C46lXZcVqCpK+FtMRQVdIMN6/Df5js2zouUsqG7I6sFxitIC+7KYK29KdXOLHdu9zL4sFnoVQnqaA==",
      "funding": [
        {
          "type": "github",
          "url": "https://github.com/sponsors/feross"
        },
        {
          "type": "patreon",
          "url": "https://www.patreon.com/feross"
        },
        {
          "type": "consulting",
          "url": "https://feross.org/support"
        }
      ]
    },
    "node_modules/json-schema": {
      "version": "0.4.0",
      "resolved": "https://registry.npmjs.org/json-schema/-/json-schema-0.4.0.tgz",
      "integrity": "sha512-es94M3nTIfsEPisRafak+HDLfHXnKBhV3vU5eqPcS3flIWqcxJWgXHXiey3YrpaNsanY5ei1VoYEbOzijuq9BA=="
    },
    "node_modules/mvt-to-geojson": {
      "version": "0.0.4",
      "resolved": "https://registry.npmjs.org/mvt-to-geojson/-/mvt-to-geojson-0.0.4.tgz",
      "integrity": "sha512-UVY3mcmT2bve4hxnsLnObXYpWqLUP1GagIhFA+Rg6ZJ4O2QZOz9Gx6CCjGPbhmbVnvuS4stChGRk5aGryrE4fw==",
      "dependencies": {
        "@types/geojson": "^7946.0.14",
        "pbf": "^3.2.1"
      }
    },
    "node_modules/pbf": {
      "version": "3.3.0",
      "resolved": "https://registry.npmjs.org/pbf/-/pbf-3.3.0.tgz",
      "integrity": "sha512-XDF38WCH3z5OV/OVa8GKUNtLAyneuzbCisx7QUCF8Q6Nutx0WnJrQe5O+kOtBlLfRNUws98Y58Lblp+NJG5T4Q==",
      "dependencies": {
        "ieee754": "^1.1.12",
        "resolve-protobuf-schema": "^2.1.0"
      },
      "bin": {
        "pbf": "bin/pbf"
      }
    },
    "node_modules/protocol-buffers-schema": {
      "version": "3.6.0",
      "resolved": "https://registry.npmjs.org/protocol-buffers-schema/-/protocol-buffers-schema-3.6.0.tgz",
      "integrity": "sha512-TdDRD+/QNdrCGCE7v8340QyuXd4kIWIgapsE2+n/SaGiSSbomYl4TjHlvIoCWRpE7wFt02EpB35VVA2ImcBVqw=="
    },
    "node_modules/resolve-protobuf-schema": {
      "version": "2.1.0",
      "resolved": "https://registry.npmjs.org/resolve-protobuf-schema/-/resolve-protobuf-schema-2.1.0.tgz",
      "integrity": "sha512-kI5ffTiZWmJaS/huM8wZfEMer1eRd7oJQhDuxeCLe3t7N7mX3z94CN0xPxBQxFYQTSNz9T0i+v6inKqSdK8xrQ==",
      "dependencies": {
        "protocol-buffers-schema": "^3.3.1"
      }
    }
  },
  "dependencies": {
    "@ogcapi-js/features": {
      "version": "1.1.1",
      "resolved": "https://registry.npmjs.org/@ogcapi-js/features/-/features-1.1.1.tgz",
      "integrity": "sha512-/w6kFvAXWO+F0/nLC5m11tuOw0LX+gVz/OCLiDkElXO9ko9F9OA3AbzKZxJaE5Buu0KUGn+TRxS6w1xhZc4KRA==",
      "requires": {
        "@ogcapi-js/shared": "^1.1.1"
      }
    },
    "@ogcapi-js/shared": {
      "version": "1.1.1",
      "resolved": "https://registry.npmjs.org/@ogcapi-js/shared/-/shared-1.1.1.tgz",
      "integrity": "sha512-EQ6T4iVXwIMnBcdpR2C0YnNNCxtNWHpWg0Hs9uEvH4BPZI2xT87gV+WRw8/hYAe8EtrK6j57iluBoSyHiAQweQ=="
    },
    "@types/geojson": {
      "version": "7946.0.14",
      "resolved": "https://registry.npmjs.org/@types/geojson/-/geojson-7946.0.14.tgz",
      "integrity": "sha512-WCfD5Ht3ZesJUsONdhvm84dmzWOiOzOAqOncN0++w0lBw1o8OuDNJF2McvvCef/yBqb/HYRahp1BYtODFQ8bRg=="
    },
    "@types/json-schema": {
      "version": "7.0.15",
      "resolved": "https://registry.npmjs.org/@types/json-schema/-/json-schema-7.0.15.tgz",
      "integrity": "sha512-5+fP8P8MFNC+AyZCDxrB2pkZFPGzqQWUzpSeuuVLvm8VMcorNYavBqoFcxK8bQz4Qsbn4oUEEem4wDLfcysGHA==",
      "dev": true
    },
    "ieee754": {
      "version": "1.2.1",
      "resolved": "https://registry.npmjs.org/ieee754/-/ieee754-1.2.1.tgz",
      "integrity": "sha512-dcyqhDvX1C46lXZcVqCpK+FtMRQVdIMN6/Df5js2zouUsqG7I6sFxitIC+7KYK29KdXOLHdu9zL4sFnoVQnqaA=="
    },
    "json-schema": {
      "version": "0.4.0",
      "resolved": "https://registry.npmjs.org/json-schema/-/json-schema-0.4.0.tgz",
      "integrity": "sha512-es94M3nTIfsEPisRafak+HDLfHXnKBhV3vU5eqPcS3flIWqcxJWgXHXiey3YrpaNsanY5ei1VoYEbOzijuq9BA=="
    },
    "mvt-to-geojson": {
      "version": "0.0.4",
      "resolved": "https://registry.npmjs.org/mvt-to-geojson/-/mvt-to-geojson-0.0.4.tgz",
      "integrity": "sha512-UVY3mcmT2bve4hxnsLnObXYpWqLUP1GagIhFA+Rg6ZJ4O2QZOz9Gx6CCjGPbhmbVnvuS4stChGRk5aGryrE4fw==",
      "requires": {
        "@types/geojson": "^7946.0.14",
        "pbf": "^3.2.1"
      }
    },
    "pbf": {
      "version": "3.3.0",
      "resolved": "https://registry.npmjs.org/pbf/-/pbf-3.3.0.tgz",
      "integrity": "sha512-XDF38WCH3z5OV/OVa8GKUNtLAyneuzbCisx7QUCF8Q6Nutx0WnJrQe5O+kOtBlLfRNUws98Y58Lblp+NJG5T4Q==",
      "requires": {
        "ieee754": "^1.1.12",
        "resolve-protobuf-schema": "^2.1.0"
      }
    },
    "protocol-buffers-schema": {
      "version": "3.6.0",
      "resolved": "https://registry.npmjs.org/protocol-buffers-schema/-/protocol-buffers-schema-3.6.0.tgz",
      "integrity": "sha512-TdDRD+/QNdrCGCE7v8340QyuXd4kIWIgapsE2+n/SaGiSSbomYl4TjHlvIoCWRpE7wFt02EpB35VVA2ImcBVqw=="
    },
    "resolve-protobuf-schema": {
      "version": "2.1.0",
      "resolved": "https://registry.npmjs.org/resolve-protobuf-schema/-/resolve-protobuf-schema-2.1.0.tgz",
      "integrity": "sha512-kI5ffTiZWmJaS/huM8wZfEMer1eRd7oJQhDuxeCLe3t7N7mX3z94CN0xPxBQxFYQTSNz9T0i+v6inKqSdK8xrQ==",
      "requires": {
        "protocol-buffers-schema": "^3.3.1"
      }
    }
  }
}
